
Microsoft Visual Studio Solution File, Format Version 12.00
# Visual Studio Version 17
VisualStudioVersion = 17.10.35027.167
MinimumVisualStudioVersion = 10.0.40219.1
Project("{9A19103F-16F7-4668-BE54-9A1E7A4F7556}") = "PIM.api", "PIM.api.csproj", "{356508F4-2F15-45E7-BAC4-8AC44C617640}"
EndProject
Project("{9A19103F-16F7-4668-BE54-9A1E7A4F7556}") = "PIM.WEB", "..\web\Web_01\PIM.WEB.csproj", "{6FF69D39-E4F6-44E8-970C-3A3CDFAFC082}"
EndProject
Project("{FAE04EC0-301F-11D3-BF4B-00C04F79EFBC}") = "PIM.Desktop", "..\PIM.Desktop\PIM.Desktop.csproj", "{8FCC9128-B9AD-4F08-877B-53F2E879CA22}"
EndProject
Global
	GlobalSection(SolutionConfigurationPlatforms) = preSolution
		Debug|Any CPU = Debug|Any CPU
		Release|Any CPU = Release|Any CPU
	EndGlobalSection
	GlobalSection(ProjectConfigurationPlatforms) = postSolution
		{356508F4-2F15-45E7-BAC4-8AC44C617640}.Debug|Any CPU.ActiveCfg = Debug|Any CPU
		{356508F4-2F15-45E7-BAC4-8AC44C617640}.Debug|Any CPU.Build.0 = Debug|Any CPU
		{356508F4-2F15-45E7-BAC4-8AC44C617640}.Release|Any CPU.ActiveCfg = Release|Any CPU
		{356508F4-2F15-45E7-BAC4-8AC44C617640}.Release|Any CPU.Build.0 = Release|Any CPU
		{6FF69D39-E4F6-44E8-970C-3A3CDFAFC082}.Debug|Any CPU.ActiveCfg = Debug|Any CPU
		{6FF69D39-E4F6-44E8-970C-3A3CDFAFC082}.Debug|Any CPU.Build.0 = Debug|Any CPU
		{6FF69D39-E4F6-44E8-970C-3A3CDFAFC082}.Release|Any CPU.ActiveCfg = Release|Any CPU
		{6FF69D39-E4F6-44E8-970C-3A3CDFAFC082}.Release|Any CPU.Build.0 = Release|Any CPU
		{8FCC9128-B9AD-4F08-877B-53F2E879CA22}.Debug|Any CPU.ActiveCfg = Debug|Any CPU
		{8FCC9128-B9AD-4F08-877B-53F2E879CA22}.Debug|Any CPU.Build.0 = Debug|Any CPU
		{8FCC9128-B9AD-4F08-877B-53F2E879CA22}.Release|Any CPU.ActiveCfg = Release|Any CPU
		{8FCC9128-B9AD-4F08-877B-53F2E879CA22}.Release|Any CPU.Build.0 = Release|Any CPU
	EndGlobalSection
	GlobalSection(SolutionProperties) = preSolution
		HideSolutionNode = FALSE
	EndGlobalSection
	GlobalSection(ExtensibilityGlobals) = postSolution
		SolutionGuid = {CED746E3-9B4E-4FF6-9E08-AF2ED23AB10A}
	EndGlobalSection
EndGlobal
